
Microsoft Visual Studio Solution File, Format Version 12.00
# Visual Studio Version 17
VisualStudioVersion = 17.9.34728.123
MinimumVisualStudioVersion = 10.0.40219.1
Project("{FAE04EC0-301F-11D3-BF4B-00C04F79EFBC}") = "QLBG", "QLBG\QLBG.csproj", "{02C5187B-0701-4BCA-B294-617063948ECD}"
EndProject
Global
	GlobalSection(SolutionConfigurationPlatforms) = preSolution
		Debug|Any CPU = Debug|Any CPU
		Release|Any CPU = Release|Any CPU
	EndGlobalSection
	GlobalSection(ProjectConfigurationPlatforms) = postSolution
		{02C5187B-0701-4BCA-B294-617063948ECD}.Debug|Any CPU.ActiveCfg = Debug|Any CPU
		{02C5187B-0701-4BCA-B294-617063948ECD}.Debug|Any CPU.Build.0 = Debug|Any CPU
		{02C5187B-0701-4BCA-B294-617063948ECD}.Release|Any CPU.ActiveCfg = Release|Any CPU
		{02C5187B-0701-4BCA-B294-617063948ECD}.Release|Any CPU.Build.0 = Release|Any CPU
	EndGlobalSection
	GlobalSection(SolutionProperties) = preSolution
		HideSolutionNode = FALSE
	EndGlobalSection
	GlobalSection(ExtensibilityGlobals) = postSolution
		SolutionGuid = {AED510D0-2015-4189-8B93-92705F0DA5B7}
	EndGlobalSection
EndGlobal
